
Microsoft Visual Studio Solution File, Format Version 12.00
# Visual Studio Version 16
VisualStudioVersion = 16.0.32228.343
MinimumVisualStudioVersion = 10.0.40219.1
Project("{FAE04EC0-301F-11D3-BF4B-00C04F79EFBC}") = "Northwind.Dal", "Northwind.Dal\Northwind.Dal.csproj", "{9866A562-EF02-411D-9B3F-EB3EBDF51288}"
EndProject
Project("{FAE04EC0-301F-11D3-BF4B-00C04F79EFBC}") = "Northwind.Bll", "Northwind.Bll\Northwind.Bll.csproj", "{60F0371B-A309-4D09-ADF5-0A1AFDBBC907}"
EndProject
Project("{FAE04EC0-301F-11D3-BF4B-00C04F79EFBC}") = "Northwind.Entity", "Northwind.Entity\Northwind.Entity.csproj", "{A487142F-D14C-4F90-91DB-8E8BEC77DDAC}"
EndProject
Project("{FAE04EC0-301F-11D3-BF4B-00C04F79EFBC}") = "Northwind.Interface", "Northwind.Interface\Northwind.Interface.csproj", "{F7B71339-04FF-45B0-ABF8-E723F332900E}"
EndProject
Project("{FAE04EC0-301F-11D3-BF4B-00C04F79EFBC}") = "Northwind.WebApi", "Northwind.WebApi\Northwind.WebApi.csproj", "{721BE1E6-57DC-4ADD-91E6-40E3757123E8}"
EndProject
Global
	GlobalSection(SolutionConfigurationPlatforms) = preSolution
		Debug|Any CPU = Debug|Any CPU
		Release|Any CPU = Release|Any CPU
	EndGlobalSection
	GlobalSection(ProjectConfigurationPlatforms) = postSolution
		{9866A562-EF02-411D-9B3F-EB3EBDF51288}.Debug|Any CPU.ActiveCfg = Debug|Any CPU
		{9866A562-EF02-411D-9B3F-EB3EBDF51288}.Debug|Any CPU.Build.0 = Debug|Any CPU
		{9866A562-EF02-411D-9B3F-EB3EBDF51288}.Release|Any CPU.ActiveCfg = Release|Any CPU
		{9866A562-EF02-411D-9B3F-EB3EBDF51288}.Release|Any CPU.Build.0 = Release|Any CPU
		{60F0371B-A309-4D09-ADF5-0A1AFDBBC907}.Debug|Any CPU.ActiveCfg = Debug|Any CPU
		{60F0371B-A309-4D09-ADF5-0A1AFDBBC907}.Debug|Any CPU.Build.0 = Debug|Any CPU
		{60F0371B-A309-4D09-ADF5-0A1AFDBBC907}.Release|Any CPU.ActiveCfg = Release|Any CPU
		{60F0371B-A309-4D09-ADF5-0A1AFDBBC907}.Release|Any CPU.Build.0 = Release|Any CPU
		{A487142F-D14C-4F90-91DB-8E8BEC77DDAC}.Debug|Any CPU.ActiveCfg = Debug|Any CPU
		{A487142F-D14C-4F90-91DB-8E8BEC77DDAC}.Debug|Any CPU.Build.0 = Debug|Any CPU
		{A487142F-D14C-4F90-91DB-8E8BEC77DDAC}.Release|Any CPU.ActiveCfg = Release|Any CPU
		{A487142F-D14C-4F90-91DB-8E8BEC77DDAC}.Release|Any CPU.Build.0 = Release|Any CPU
		{F7B71339-04FF-45B0-ABF8-E723F332900E}.Debug|Any CPU.ActiveCfg = Debug|Any CPU
		{F7B71339-04FF-45B0-ABF8-E723F332900E}.Debug|Any CPU.Build.0 = Debug|Any CPU
		{F7B71339-04FF-45B0-ABF8-E723F332900E}.Release|Any CPU.ActiveCfg = Release|Any CPU
		{F7B71339-04FF-45B0-ABF8-E723F332900E}.Release|Any CPU.Build.0 = Release|Any CPU
		{721BE1E6-57DC-4ADD-91E6-40E3757123E8}.Debug|Any CPU.ActiveCfg = Debug|Any CPU
		{721BE1E6-57DC-4ADD-91E6-40E3757123E8}.Debug|Any CPU.Build.0 = Debug|Any CPU
		{721BE1E6-57DC-4ADD-91E6-40E3757123E8}.Release|Any CPU.ActiveCfg = Release|Any CPU
		{721BE1E6-57DC-4ADD-91E6-40E3757123E8}.Release|Any CPU.Build.0 = Release|Any CPU
	EndGlobalSection
	GlobalSection(SolutionProperties) = preSolution
		HideSolutionNode = FALSE
	EndGlobalSection
	GlobalSection(ExtensibilityGlobals) = postSolution
		SolutionGuid = {57AC0437-21D9-45F7-876B-AD155331CFB4}
	EndGlobalSection
EndGlobal
